hash: cffe0c292cc820dd9586360c94e76f8ddad70da22e5ab78c2307ab9fdff6baa5
updated: 2016-08-23T13:54:35.171543316+02:00
imports:
- name: github.com/asaskevich/govalidator
  version: 593d64559f7600f29581a3ee42177f5dbded27a9
- name: github.com/bsm/sarama-cluster
  version: 6d37f561b2a131e011c0cecf8a4d3c96b1e0a940
- name: github.com/mgutz/ansi
  version: c286dcecd19ff979eeb73ea444e479b903f2cfcb
- name: github.com/oleiade/lane
  version: 3053869314bb02cb983dc2205da8ea2abe46fa96
- name: github.com/redBorder/rbforwarder
  version: 58350962242bfa5107946386b97f09c5c47dddd0
  subpackages:
  - senders/httpsender
  - components/httpsender
  - utils
- name: github.com/Shopify/sarama
  version: 9bb4a68d57ff6f623363aa172f0a8297aa289ba7
- name: github.com/Sirupsen/logrus
  version: 4b6ea7319e214d98c938f12692336f7ca9348d6b
- name: github.com/streamrail/concurrent-map
  version: a200aeb76b7e41a480f7a67a49a17723f53b3a37
- name: github.com/x-cray/logrus-prefixed-formatter
  version: 78e945f7d6bfe5a81ce6121d92d8118e44303e58
- name: golang.org/x/sys
  version: a646d33e2ee3172a661fc09bca23bb4889a41bc8
  subpackages:
  - unix
- name: gopkg.in/yaml.v2
  version: e4d366fc3c7938e2958e662b4258c7a89e1f0e3e
testImports: []
